
Microsoft Visual Studio Solution File, Format Version 12.00
# Visual Studio Version 17
VisualStudioVersion = 17.14.36804.6 d17.14
MinimumVisualStudioVersion = 10.0.40219.1
Project("{FAE04EC0-301F-11D3-BF4B-00C04F79EFBC}") = "sonarqube-test", "sonarqube-test\sonarqube-test.csproj", "{938C0F33-ECA6-4D51-A169-573490AAB5FF}"
EndProject
Global
	GlobalSection(SolutionConfigurationPlatforms) = preSolution
		Debug|Any CPU = Debug|Any CPU
		Release|Any CPU = Release|Any CPU
	EndGlobalSection
	GlobalSection(ProjectConfigurationPlatforms) = postSolution
		{938C0F33-ECA6-4D51-A169-573490AAB5FF}.Debug|Any CPU.ActiveCfg = Debug|Any CPU
		{938C0F33-ECA6-4D51-A169-573490AAB5FF}.Debug|Any CPU.Build.0 = Debug|Any CPU
		{938C0F33-ECA6-4D51-A169-573490AAB5FF}.Release|Any CPU.ActiveCfg = Release|Any CPU
		{938C0F33-ECA6-4D51-A169-573490AAB5FF}.Release|Any CPU.Build.0 = Release|Any CPU
	EndGlobalSection
	GlobalSection(SolutionProperties) = preSolution
		HideSolutionNode = FALSE
	EndGlobalSection
	GlobalSection(ExtensibilityGlobals) = postSolution
		SolutionGuid = {EEE1463D-DA46-470B-A060-F1EC671AAF26}
	EndGlobalSection
EndGlobal
